
Microsoft Visual Studio Solution File, Format Version 12.00
# Visual Studio Version 17
VisualStudioVersion = 17.11.35303.130
MinimumVisualStudioVersion = 10.0.40219.1
Project("{FAE04EC0-301F-11D3-BF4B-00C04F79EFBC}") = "MVC_CRUD", "MVC_CRUD\MVC_CRUD.csproj", "{2C712C19-4709-4F1A-BFCA-9F1F9666FB9E}"
EndProject
Project("{FAE04EC0-301F-11D3-BF4B-00C04F79EFBC}") = "MVC_CRUD.Entities", "MVC_CRUD.Entities\MVC_CRUD.Entities.csproj", "{84BD6817-2449-4ABD-85F6-496C5B97E412}"
EndProject
Project("{FAE04EC0-301F-11D3-BF4B-00C04F79EFBC}") = "MVC_CRUD.Repositories", "MVC_CRUD.Repositories\MVC_CRUD.Repositories.csproj", "{23146373-33EF-4E16-9AB0-47EEA4023337}"
EndProject
Global
	GlobalSection(SolutionConfigurationPlatforms) = preSolution
		Debug|Any CPU = Debug|Any CPU
		Release|Any CPU = Release|Any CPU
	EndGlobalSection
	GlobalSection(ProjectConfigurationPlatforms) = postSolution
		{2C712C19-4709-4F1A-BFCA-9F1F9666FB9E}.Debug|Any CPU.ActiveCfg = Debug|Any CPU
		{2C712C19-4709-4F1A-BFCA-9F1F9666FB9E}.Debug|Any CPU.Build.0 = Debug|Any CPU
		{2C712C19-4709-4F1A-BFCA-9F1F9666FB9E}.Release|Any CPU.ActiveCfg = Release|Any CPU
		{2C712C19-4709-4F1A-BFCA-9F1F9666FB9E}.Release|Any CPU.Build.0 = Release|Any CPU
		{84BD6817-2449-4ABD-85F6-496C5B97E412}.Debug|Any CPU.ActiveCfg = Debug|Any CPU
		{84BD6817-2449-4ABD-85F6-496C5B97E412}.Debug|Any CPU.Build.0 = Debug|Any CPU
		{84BD6817-2449-4ABD-85F6-496C5B97E412}.Release|Any CPU.ActiveCfg = Release|Any CPU
		{84BD6817-2449-4ABD-85F6-496C5B97E412}.Release|Any CPU.Build.0 = Release|Any CPU
		{23146373-33EF-4E16-9AB0-47EEA4023337}.Debug|Any CPU.ActiveCfg = Debug|Any CPU
		{23146373-33EF-4E16-9AB0-47EEA4023337}.Debug|Any CPU.Build.0 = Debug|Any CPU
		{23146373-33EF-4E16-9AB0-47EEA4023337}.Release|Any CPU.ActiveCfg = Release|Any CPU
		{23146373-33EF-4E16-9AB0-47EEA4023337}.Release|Any CPU.Build.0 = Release|Any CPU
	EndGlobalSection
	GlobalSection(SolutionProperties) = preSolution
		HideSolutionNode = FALSE
	EndGlobalSection
	GlobalSection(ExtensibilityGlobals) = postSolution
		SolutionGuid = {323CB6B8-6FB2-4A99-B4F6-3112E9E921A8}
	EndGlobalSection
EndGlobal
